
Microsoft Visual Studio Solution File, Format Version 12.00
# Visual Studio Version 16
VisualStudioVersion = 16.0.32929.386
MinimumVisualStudioVersion = 10.0.40219.1
Project("{FAE04EC0-301F-11D3-BF4B-00C04F79EFBC}") = "Lab2_1(KPP)", "Lab2_1(KPP)\Lab2_1(KPP).csproj", "{2375656B-4E1B-4DBD-BF0B-5E4DF063C864}"
EndProject
Global
	GlobalSection(SolutionConfigurationPlatforms) = preSolution
		Debug|Any CPU = Debug|Any CPU
		Release|Any CPU = Release|Any CPU
	EndGlobalSection
	GlobalSection(ProjectConfigurationPlatforms) = postSolution
		{2375656B-4E1B-4DBD-BF0B-5E4DF063C864}.Debug|Any CPU.ActiveCfg = Debug|Any CPU
		{2375656B-4E1B-4DBD-BF0B-5E4DF063C864}.Debug|Any CPU.Build.0 = Debug|Any CPU
		{2375656B-4E1B-4DBD-BF0B-5E4DF063C864}.Release|Any CPU.ActiveCfg = Release|Any CPU
		{2375656B-4E1B-4DBD-BF0B-5E4DF063C864}.Release|Any CPU.Build.0 = Release|Any CPU
	EndGlobalSection
	GlobalSection(SolutionProperties) = preSolution
		HideSolutionNode = FALSE
	EndGlobalSection
	GlobalSection(ExtensibilityGlobals) = postSolution
		SolutionGuid = {F2374CC9-F9C9-400C-AA30-D54191BFDDED}
	EndGlobalSection
EndGlobal
